
Microsoft Visual Studio Solution File, Format Version 12.00
# Visual Studio Version 16
VisualStudioVersion = 16.0.31105.61
MinimumVisualStudioVersion = 10.0.40219.1
Project("{9A19103F-16F7-4668-BE54-9A1E7A4F7556}") = "FirstSemesterLib", "FirstSemesterLib\FirstSemesterLib.csproj", "{E94CDCB8-A1AA-4198-86C3-EDAC88C9D9B7}"
EndProject
Project("{9A19103F-16F7-4668-BE54-9A1E7A4F7556}") = "SecondSemesterLab_UI", "SecondSemesterLab_UI\SecondSemesterLab_UI.csproj", "{977406B7-971E-4E30-9DB9-62846459F960}"
EndProject
Project("{FAE04EC0-301F-11D3-BF4B-00C04F79EFBC}") = "ConsoleApp1", "ConsoleApp1\ConsoleApp1.csproj", "{04DFDD17-9904-4F82-864A-A398E78668B7}"
EndProject
Global
	GlobalSection(SolutionConfigurationPlatforms) = preSolution
		Debug|Any CPU = Debug|Any CPU
		Release|Any CPU = Release|Any CPU
	EndGlobalSection
	GlobalSection(ProjectConfigurationPlatforms) = postSolution
		{E94CDCB8-A1AA-4198-86C3-EDAC88C9D9B7}.Debug|Any CPU.ActiveCfg = Debug|Any CPU
		{E94CDCB8-A1AA-4198-86C3-EDAC88C9D9B7}.Debug|Any CPU.Build.0 = Debug|Any CPU
		{E94CDCB8-A1AA-4198-86C3-EDAC88C9D9B7}.Release|Any CPU.ActiveCfg = Release|Any CPU
		{E94CDCB8-A1AA-4198-86C3-EDAC88C9D9B7}.Release|Any CPU.Build.0 = Release|Any CPU
		{977406B7-971E-4E30-9DB9-62846459F960}.Debug|Any CPU.ActiveCfg = Debug|Any CPU
		{977406B7-971E-4E30-9DB9-62846459F960}.Debug|Any CPU.Build.0 = Debug|Any CPU
		{977406B7-971E-4E30-9DB9-62846459F960}.Release|Any CPU.ActiveCfg = Release|Any CPU
		{977406B7-971E-4E30-9DB9-62846459F960}.Release|Any CPU.Build.0 = Release|Any CPU
		{04DFDD17-9904-4F82-864A-A398E78668B7}.Debug|Any CPU.ActiveCfg = Debug|Any CPU
		{04DFDD17-9904-4F82-864A-A398E78668B7}.Debug|Any CPU.Build.0 = Debug|Any CPU
		{04DFDD17-9904-4F82-864A-A398E78668B7}.Release|Any CPU.ActiveCfg = Release|Any CPU
		{04DFDD17-9904-4F82-864A-A398E78668B7}.Release|Any CPU.Build.0 = Release|Any CPU
	EndGlobalSection
	GlobalSection(SolutionProperties) = preSolution
		HideSolutionNode = FALSE
	EndGlobalSection
	GlobalSection(ExtensibilityGlobals) = postSolution
		SolutionGuid = {72065320-2991-45F3-A4B7-DC5D23DED3E3}
	EndGlobalSection
EndGlobal
